
Microsoft Visual Studio Solution File, Format Version 12.00
# Visual Studio 2010
Project("{FAE04EC0-301F-11D3-BF4B-00C04F79EFBC}") = "GameCult.Aetheria.State.Unity", "GameCult.Aetheria.State.Unity.csproj", "{D6094CFD-26D1-83D1-2366-5762CCA2BC33}"
EndProject
Project("{FAE04EC0-301F-11D3-BF4B-00C04F79EFBC}") = "GameCult.Aetheria.EveRuntime", "GameCult.Aetheria.EveRuntime.csproj", "{A1A8B65B-CA79-2FA2-3803-5F4833778BDB}"
EndProject
Project("{FAE04EC0-301F-11D3-BF4B-00C04F79EFBC}") = "GameCult.Brokkr.Editor", "GameCult.Brokkr.Editor.csproj", "{F041E9DC-DC28-1D6C-75A3-824162B4A1AE}"
EndProject
Project("{FAE04EC0-301F-11D3-BF4B-00C04F79EFBC}") = "CultMath", "CultMath.csproj", "{6F7A47C4-21DC-64EF-0969-96B956A000F4}"
EndProject
Project("{FAE04EC0-301F-11D3-BF4B-00C04F79EFBC}") = "GameCult.Brokkr", "GameCult.Brokkr.csproj", "{FC28BCBE-9EF4-444F-C1C9-DDE8A3A864AD}"
EndProject
Project("{FAE04EC0-301F-11D3-BF4B-00C04F79EFBC}") = "GameCult.Eve.UnityUIToolkit", "GameCult.Eve.UnityUIToolkit.csproj", "{5CDB0413-71D7-C6B3-4AD9-D8E730B55FFB}"
EndProject
Project("{FAE04EC0-301F-11D3-BF4B-00C04F79EFBC}") = "GameCult.Eve.Surface", "GameCult.Eve.Surface.csproj", "{037DACF0-10F4-20ED-7963-3A1E1AC15B64}"
EndProject
Project("{FAE04EC0-301F-11D3-BF4B-00C04F79EFBC}") = "MessagePack.SourceDisabled", "MessagePack.SourceDisabled.csproj", "{B916E744-81E2-A0BA-3884-E845F1C5EF88}"
EndProject
Global
	GlobalSection(SolutionConfigurationPlatforms) = preSolution
		Debug|Any CPU = Debug|Any CPU
	EndGlobalSection
	GlobalSection(ProjectConfigurationPlatforms) = postSolution
		{D6094CFD-26D1-83D1-2366-5762CCA2BC33}.Debug|Any CPU.ActiveCfg = Debug|Any CPU
		{D6094CFD-26D1-83D1-2366-5762CCA2BC33}.Debug|Any CPU.Build.0 = Debug|Any CPU
		{A1A8B65B-CA79-2FA2-3803-5F4833778BDB}.Debug|Any CPU.ActiveCfg = Debug|Any CPU
		{A1A8B65B-CA79-2FA2-3803-5F4833778BDB}.Debug|Any CPU.Build.0 = Debug|Any CPU
		{F041E9DC-DC28-1D6C-75A3-824162B4A1AE}.Debug|Any CPU.ActiveCfg = Debug|Any CPU
		{F041E9DC-DC28-1D6C-75A3-824162B4A1AE}.Debug|Any CPU.Build.0 = Debug|Any CPU
		{6F7A47C4-21DC-64EF-0969-96B956A000F4}.Debug|Any CPU.ActiveCfg = Debug|Any CPU
		{6F7A47C4-21DC-64EF-0969-96B956A000F4}.Debug|Any CPU.Build.0 = Debug|Any CPU
		{FC28BCBE-9EF4-444F-C1C9-DDE8A3A864AD}.Debug|Any CPU.ActiveCfg = Debug|Any CPU
		{FC28BCBE-9EF4-444F-C1C9-DDE8A3A864AD}.Debug|Any CPU.Build.0 = Debug|Any CPU
		{5CDB0413-71D7-C6B3-4AD9-D8E730B55FFB}.Debug|Any CPU.ActiveCfg = Debug|Any CPU
		{5CDB0413-71D7-C6B3-4AD9-D8E730B55FFB}.Debug|Any CPU.Build.0 = Debug|Any CPU
		{037DACF0-10F4-20ED-7963-3A1E1AC15B64}.Debug|Any CPU.ActiveCfg = Debug|Any CPU
		{037DACF0-10F4-20ED-7963-3A1E1AC15B64}.Debug|Any CPU.Build.0 = Debug|Any CPU
		{B916E744-81E2-A0BA-3884-E845F1C5EF88}.Debug|Any CPU.ActiveCfg = Debug|Any CPU
		{B916E744-81E2-A0BA-3884-E845F1C5EF88}.Debug|Any CPU.Build.0 = Debug|Any CPU
	EndGlobalSection
	GlobalSection(SolutionProperties) = preSolution
		HideSolutionNode = FALSE
	EndGlobalSection
EndGlobal
