source_url=https://github.com/jdecked/twemoji/archive/refs/tags/v17.0.3.tar.gz
source_version=v17.0.3
source_sha256=a0855654b633045ae2337537e77f1bb4361162f7fcd910e613eaab1d6d9c5fca
emoji_test_version=17.0
emoji_test_url=https://unicode.org/Public/17.0.0/emoji/emoji-test.txt
emoji_test_sha256=1d8a944f88d7952f7ef7c5167fef3c67995bcae24543949710231b03a201acda
svg_count=4009
single_codepoint_count=1400
unsupported_count=0
tool_nanoemoji=0.16.0
tool_fonttools=4.66.1
tool_picosvg=0.23.0
tool_ninja=1.13.2
source_date_epoch=1780352497
color_format=glyf_colr_0
python_version=3.13.15
platform=linux
container_image=python:3.13-slim
font_file=Twemoji.ttf
font_sha256=de66290bfa98226e40d8999a3ab024c2242e8d2938f939d9a85c1494844f6aa0
singles_sha256=7ad887a16ef5386df040e1e8988e9bdc55ae5cab461ffc9df4613d0cb5770b4e
unsupported_sha256=e3b0c44298fc1c149afbf4c8996fb92427ae41e4649b934ca495991b7852b855
